
Microsoft Visual Studio Solution File, Format Version 12.00
# Visual Studio Version 17
VisualStudioVersion = 17.3.32929.385
MinimumVisualStudioVersion = 10.0.40219.1
Project("{FAE04EC0-301F-11D3-BF4B-00C04F79EFBC}") = "BlackOps3MapRenamer", "BlackOps3MapRenamer\BlackOps3MapRenamer.csproj", "{4ED4E146-0995-4AB5-895F-5B6B9DF23397}"
EndProject
Global
	GlobalSection(SolutionConfigurationPlatforms) = preSolution
		Debug|Any CPU = Debug|Any CPU
		Release|Any CPU = Release|Any CPU
	EndGlobalSection
	GlobalSection(ProjectConfigurationPlatforms) = postSolution
		{4ED4E146-0995-4AB5-895F-5B6B9DF23397}.Debug|Any CPU.ActiveCfg = Debug|Any CPU
		{4ED4E146-0995-4AB5-895F-5B6B9DF23397}.Debug|Any CPU.Build.0 = Debug|Any CPU
		{4ED4E146-0995-4AB5-895F-5B6B9DF23397}.Release|Any CPU.ActiveCfg = Release|Any CPU
		{4ED4E146-0995-4AB5-895F-5B6B9DF23397}.Release|Any CPU.Build.0 = Release|Any CPU
	EndGlobalSection
	GlobalSection(SolutionProperties) = preSolution
		HideSolutionNode = FALSE
	EndGlobalSection
	GlobalSection(ExtensibilityGlobals) = postSolution
		SolutionGuid = {F252583D-1DC9-4C77-B3A8-A65B9CB69FA1}
	EndGlobalSection
EndGlobal
